
Microsoft Visual Studio Solution File, Format Version 11.00
# Visual Studio 2010
Project("{8BC9CEB8-8B4A-11D0-8D11-00A0C91BC942}") = "DreamWarcraft", "DreamWarcraft\DreamWarcraft.vcxproj", "{FB06ACA6-0D5F-4F6C-B832-A9FE58B3E65A}"
	ProjectSection(ProjectDependencies) = postProject
		{9DAC6346-DED5-4A53-A7E7-16A89194E53F} = {9DAC6346-DED5-4A53-A7E7-16A89194E53F}
		{9FE7B26E-3CCD-4CC4-8AA2-DBD5ECA1F039} = {9FE7B26E-3CCD-4CC4-8AA2-DBD5ECA1F039}
		{DC835DEC-FAEE-42D4-85E2-0D200EBBFC71} = {DC835DEC-FAEE-42D4-85E2-0D200EBBFC71}
	EndProjectSection
EndProject
Project("{8BC9CEB8-8B4A-11D0-8D11-00A0C91BC942}") = "lualib", "lualib\lualib.vcxproj", "{9DAC6346-DED5-4A53-A7E7-16A89194E53F}"
EndProject
Project("{8BC9CEB8-8B4A-11D0-8D11-00A0C91BC942}") = "json-c", "json-c\json-c.vcxproj", "{9FE7B26E-3CCD-4CC4-8AA2-DBD5ECA1F039}"
EndProject
Project("{2150E333-8FDC-42A3-9474-1A3956D46DE8}") = "Solution Items", "Solution Items", "{A289E99E-B33D-482A-94AE-BEEDDD26BB38}"
	ProjectSection(SolutionItems) = preProject
		Locales.xml = Locales.xml
		Package.xml = Package.xml
		ResStrings.xml = ResStrings.xml
		Strings.xml = Strings.xml
		Translate.xml = Translate.xml
		新建项目或编译须知.txt = 新建项目或编译须知.txt
	EndProjectSection
EndProject
Project("{8BC9CEB8-8B4A-11D0-8D11-00A0C91BC942}") = "DreamAuth2", "DreamAuth2\DreamAuth2.vcxproj", "{9A5A4912-988C-4F17-8D7A-F25FF1A4D5E0}"
	ProjectSection(ProjectDependencies) = postProject
		{9FE7B26E-3CCD-4CC4-8AA2-DBD5ECA1F039} = {9FE7B26E-3CCD-4CC4-8AA2-DBD5ECA1F039}
		{71445AFF-680F-4705-9D03-4050E37BBC19} = {71445AFF-680F-4705-9D03-4050E37BBC19}
	EndProjectSection
EndProject
Project("{8BC9CEB8-8B4A-11D0-8D11-00A0C91BC942}") = "SimpleUI", "SimpleUI\SimpleUI.vcxproj", "{71445AFF-680F-4705-9D03-4050E37BBC19}"
EndProject
Project("{8BC9CEB8-8B4A-11D0-8D11-00A0C91BC942}") = "DreamInstaller", "DreamInstaller\DreamInstaller.vcxproj", "{84FFE40B-94C1-4438-8805-1E42BF80B5D5}"
EndProject
Project("{8BC9CEB8-8B4A-11D0-8D11-00A0C91BC942}") = "MHLoader", "MHLoader\MHLoader.vcxproj", "{97888CE2-C2FE-476A-A4E2-C2AC3567A551}"
EndProject
Project("{8BC9CEB8-8B4A-11D0-8D11-00A0C91BC942}") = "MHModule", "MHModule\MHModule.vcxproj", "{CA0485CE-70F7-41E5-AE7A-3EE319592E54}"
EndProject
Project("{8BC9CEB8-8B4A-11D0-8D11-00A0C91BC942}") = "packer", "packer\packer.vcxproj", "{611C4024-4931-4ABA-A98C-26BBA2C904B8}"
EndProject
Project("{8BC9CEB8-8B4A-11D0-8D11-00A0C91BC942}") = "DreamProtect", "DreamProtect\DreamProtect.vcxproj", "{DC835DEC-FAEE-42D4-85E2-0D200EBBFC71}"
EndProject
Global
	GlobalSection(SolutionConfigurationPlatforms) = preSolution
		Debug DreamDota|Win32 = Debug DreamDota|Win32
		Debug DreamWar3|Win32 = Debug DreamWar3|Win32
		Debug GLeague|Win32 = Debug GLeague|Win32
		Debug|Win32 = Debug|Win32
		DreamDota Beta|Win32 = DreamDota Beta|Win32
		DreamDota BetaD|Win32 = DreamDota BetaD|Win32
		Public Release DreamDota|Win32 = Public Release DreamDota|Win32
		Public Release FreePlugin|Win32 = Public Release FreePlugin|Win32
		Public Release GLeague|Win32 = Public Release GLeague|Win32
		Public Release|Win32 = Public Release|Win32
		Public ReleaseD DreamDota|Win32 = Public ReleaseD DreamDota|Win32
		Release DreamDota|Win32 = Release DreamDota|Win32
		Release DreamWar3|Win32 = Release DreamWar3|Win32
		Release|Win32 = Release|Win32
	EndGlobalSection
	GlobalSection(ProjectConfigurationPlatforms) = postSolution
		{FB06ACA6-0D5F-4F6C-B832-A9FE58B3E65A}.Debug DreamDota|Win32.ActiveCfg = Debug DreamDota|Win32
		{FB06ACA6-0D5F-4F6C-B832-A9FE58B3E65A}.Debug DreamDota|Win32.Build.0 = Debug DreamDota|Win32
		{FB06ACA6-0D5F-4F6C-B832-A9FE58B3E65A}.Debug DreamWar3|Win32.ActiveCfg = Debug DreamWar3|Win32
		{FB06ACA6-0D5F-4F6C-B832-A9FE58B3E65A}.Debug DreamWar3|Win32.Build.0 = Debug DreamWar3|Win32
		{FB06ACA6-0D5F-4F6C-B832-A9FE58B3E65A}.Debug GLeague|Win32.ActiveCfg = Debug GLeague|Win32
		{FB06ACA6-0D5F-4F6C-B832-A9FE58B3E65A}.Debug GLeague|Win32.Build.0 = Debug GLeague|Win32
		{FB06ACA6-0D5F-4F6C-B832-A9FE58B3E65A}.Debug|Win32.ActiveCfg = Debug|Win32
		{FB06ACA6-0D5F-4F6C-B832-A9FE58B3E65A}.Debug|Win32.Build.0 = Debug|Win32
		{FB06ACA6-0D5F-4F6C-B832-A9FE58B3E65A}.DreamDota Beta|Win32.ActiveCfg = DreamDota Beta|Win32
		{FB06ACA6-0D5F-4F6C-B832-A9FE58B3E65A}.DreamDota Beta|Win32.Build.0 = DreamDota Beta|Win32
		{FB06ACA6-0D5F-4F6C-B832-A9FE58B3E65A}.DreamDota BetaD|Win32.ActiveCfg = Public ReleaseD DreamDota|Win32
		{FB06ACA6-0D5F-4F6C-B832-A9FE58B3E65A}.DreamDota BetaD|Win32.Build.0 = Public ReleaseD DreamDota|Win32
		{FB06ACA6-0D5F-4F6C-B832-A9FE58B3E65A}.Public Release DreamDota|Win32.ActiveCfg = Public Release DreamDota|Win32
		{FB06ACA6-0D5F-4F6C-B832-A9FE58B3E65A}.Public Release DreamDota|Win32.Build.0 = Public Release DreamDota|Win32
		{FB06ACA6-0D5F-4F6C-B832-A9FE58B3E65A}.Public Release FreePlugin|Win32.ActiveCfg = Public Release FreePlugin|Win32
		{FB06ACA6-0D5F-4F6C-B832-A9FE58B3E65A}.Public Release FreePlugin|Win32.Build.0 = Public Release FreePlugin|Win32
		{FB06ACA6-0D5F-4F6C-B832-A9FE58B3E65A}.Public Release GLeague|Win32.ActiveCfg = Public Release GLeague|Win32
		{FB06ACA6-0D5F-4F6C-B832-A9FE58B3E65A}.Public Release GLeague|Win32.Build.0 = Public Release GLeague|Win32
		{FB06ACA6-0D5F-4F6C-B832-A9FE58B3E65A}.Public Release|Win32.ActiveCfg = Public Release|Win32
		{FB06ACA6-0D5F-4F6C-B832-A9FE58B3E65A}.Public Release|Win32.Build.0 = Public Release|Win32
		{FB06ACA6-0D5F-4F6C-B832-A9FE58B3E65A}.Public ReleaseD DreamDota|Win32.ActiveCfg = Public ReleaseD DreamDota|Win32
		{FB06ACA6-0D5F-4F6C-B832-A9FE58B3E65A}.Public ReleaseD DreamDota|Win32.Build.0 = Public ReleaseD DreamDota|Win32
		{FB06ACA6-0D5F-4F6C-B832-A9FE58B3E65A}.Release DreamDota|Win32.ActiveCfg = Release DreamDota|Win32
		{FB06ACA6-0D5F-4F6C-B832-A9FE58B3E65A}.Release DreamDota|Win32.Build.0 = Release DreamDota|Win32
		{FB06ACA6-0D5F-4F6C-B832-A9FE58B3E65A}.Release DreamWar3|Win32.ActiveCfg = Release DreamWar3|Win32
		{FB06ACA6-0D5F-4F6C-B832-A9FE58B3E65A}.Release DreamWar3|Win32.Build.0 = Release DreamWar3|Win32
		{FB06ACA6-0D5F-4F6C-B832-A9FE58B3E65A}.Release|Win32.ActiveCfg = Release|Win32
		{FB06ACA6-0D5F-4F6C-B832-A9FE58B3E65A}.Release|Win32.Build.0 = Release|Win32
		{9DAC6346-DED5-4A53-A7E7-16A89194E53F}.Debug DreamDota|Win32.ActiveCfg = Debug|Win32
		{9DAC6346-DED5-4A53-A7E7-16A89194E53F}.Debug DreamDota|Win32.Build.0 = Debug|Win32
		{9DAC6346-DED5-4A53-A7E7-16A89194E53F}.Debug DreamWar3|Win32.ActiveCfg = Debug|Win32
		{9DAC6346-DED5-4A53-A7E7-16A89194E53F}.Debug DreamWar3|Win32.Build.0 = Debug|Win32
		{9DAC6346-DED5-4A53-A7E7-16A89194E53F}.Debug GLeague|Win32.ActiveCfg = Debug|Win32
		{9DAC6346-DED5-4A53-A7E7-16A89194E53F}.Debug GLeague|Win32.Build.0 = Debug|Win32
		{9DAC6346-DED5-4A53-A7E7-16A89194E53F}.Debug|Win32.ActiveCfg = Debug|Win32
		{9DAC6346-DED5-4A53-A7E7-16A89194E53F}.Debug|Win32.Build.0 = Debug|Win32
		{9DAC6346-DED5-4A53-A7E7-16A89194E53F}.DreamDota Beta|Win32.ActiveCfg = Release|Win32
		{9DAC6346-DED5-4A53-A7E7-16A89194E53F}.DreamDota Beta|Win32.Build.0 = Release|Win32
		{9DAC6346-DED5-4A53-A7E7-16A89194E53F}.DreamDota BetaD|Win32.ActiveCfg = Release|Win32
		{9DAC6346-DED5-4A53-A7E7-16A89194E53F}.DreamDota BetaD|Win32.Build.0 = Release|Win32
		{9DAC6346-DED5-4A53-A7E7-16A89194E53F}.Public Release DreamDota|Win32.ActiveCfg = Release|Win32
		{9DAC6346-DED5-4A53-A7E7-16A89194E53F}.Public Release DreamDota|Win32.Build.0 = Release|Win32
		{9DAC6346-DED5-4A53-A7E7-16A89194E53F}.Public Release FreePlugin|Win32.ActiveCfg = Public ReleaseD DreamDota|Win32
		{9DAC6346-DED5-4A53-A7E7-16A89194E53F}.Public Release FreePlugin|Win32.Build.0 = Public ReleaseD DreamDota|Win32
		{9DAC6346-DED5-4A53-A7E7-16A89194E53F}.Public Release GLeague|Win32.ActiveCfg = Release|Win32
		{9DAC6346-DED5-4A53-A7E7-16A89194E53F}.Public Release GLeague|Win32.Build.0 = Release|Win32
		{9DAC6346-DED5-4A53-A7E7-16A89194E53F}.Public Release|Win32.ActiveCfg = Release|Win32
		{9DAC6346-DED5-4A53-A7E7-16A89194E53F}.Public Release|Win32.Build.0 = Release|Win32
		{9DAC6346-DED5-4A53-A7E7-16A89194E53F}.Public ReleaseD DreamDota|Win32.ActiveCfg = Public ReleaseD DreamDota|Win32
		{9DAC6346-DED5-4A53-A7E7-16A89194E53F}.Public ReleaseD DreamDota|Win32.Build.0 = Public ReleaseD DreamDota|Win32
		{9DAC6346-DED5-4A53-A7E7-16A89194E53F}.Release DreamDota|Win32.ActiveCfg = Release|Win32
		{9DAC6346-DED5-4A53-A7E7-16A89194E53F}.Release DreamDota|Win32.Build.0 = Release|Win32
		{9DAC6346-DED5-4A53-A7E7-16A89194E53F}.Release DreamWar3|Win32.ActiveCfg = Release|Win32
		{9DAC6346-DED5-4A53-A7E7-16A89194E53F}.Release DreamWar3|Win32.Build.0 = Release|Win32
		{9DAC6346-DED5-4A53-A7E7-16A89194E53F}.Release|Win32.ActiveCfg = Release|Win32
		{9DAC6346-DED5-4A53-A7E7-16A89194E53F}.Release|Win32.Build.0 = Release|Win32
		{9FE7B26E-3CCD-4CC4-8AA2-DBD5ECA1F039}.Debug DreamDota|Win32.ActiveCfg = Debug|Win32
		{9FE7B26E-3CCD-4CC4-8AA2-DBD5ECA1F039}.Debug DreamDota|Win32.Build.0 = Debug|Win32
		{9FE7B26E-3CCD-4CC4-8AA2-DBD5ECA1F039}.Debug DreamWar3|Win32.ActiveCfg = Debug|Win32
		{9FE7B26E-3CCD-4CC4-8AA2-DBD5ECA1F039}.Debug DreamWar3|Win32.Build.0 = Debug|Win32
		{9FE7B26E-3CCD-4CC4-8AA2-DBD5ECA1F039}.Debug GLeague|Win32.ActiveCfg = Debug|Win32
		{9FE7B26E-3CCD-4CC4-8AA2-DBD5ECA1F039}.Debug GLeague|Win32.Build.0 = Debug|Win32
		{9FE7B26E-3CCD-4CC4-8AA2-DBD5ECA1F039}.Debug|Win32.ActiveCfg = Debug|Win32
		{9FE7B26E-3CCD-4CC4-8AA2-DBD5ECA1F039}.Debug|Win32.Build.0 = Debug|Win32
		{9FE7B26E-3CCD-4CC4-8AA2-DBD5ECA1F039}.DreamDota Beta|Win32.ActiveCfg = Release|Win32
		{9FE7B26E-3CCD-4CC4-8AA2-DBD5ECA1F039}.DreamDota Beta|Win32.Build.0 = Release|Win32
		{9FE7B26E-3CCD-4CC4-8AA2-DBD5ECA1F039}.DreamDota BetaD|Win32.ActiveCfg = Release|Win32
		{9FE7B26E-3CCD-4CC4-8AA2-DBD5ECA1F039}.DreamDota BetaD|Win32.Build.0 = Release|Win32
		{9FE7B26E-3CCD-4CC4-8AA2-DBD5ECA1F039}.Public Release DreamDota|Win32.ActiveCfg = Release|Win32
		{9FE7B26E-3CCD-4CC4-8AA2-DBD5ECA1F039}.Public Release DreamDota|Win32.Build.0 = Release|Win32
		{9FE7B26E-3CCD-4CC4-8AA2-DBD5ECA1F039}.Public Release FreePlugin|Win32.ActiveCfg = Release|Win32
		{9FE7B26E-3CCD-4CC4-8AA2-DBD5ECA1F039}.Public Release FreePlugin|Win32.Build.0 = Release|Win32
		{9FE7B26E-3CCD-4CC4-8AA2-DBD5ECA1F039}.Public Release GLeague|Win32.ActiveCfg = Release|Win32
		{9FE7B26E-3CCD-4CC4-8AA2-DBD5ECA1F039}.Public Release GLeague|Win32.Build.0 = Release|Win32
		{9FE7B26E-3CCD-4CC4-8AA2-DBD5ECA1F039}.Public Release|Win32.ActiveCfg = Release|Win32
		{9FE7B26E-3CCD-4CC4-8AA2-DBD5ECA1F039}.Public Release|Win32.Build.0 = Release|Win32
		{9FE7B26E-3CCD-4CC4-8AA2-DBD5ECA1F039}.Public ReleaseD DreamDota|Win32.ActiveCfg = Release|Win32
		{9FE7B26E-3CCD-4CC4-8AA2-DBD5ECA1F039}.Public ReleaseD DreamDota|Win32.Build.0 = Release|Win32
		{9FE7B26E-3CCD-4CC4-8AA2-DBD5ECA1F039}.Release DreamDota|Win32.ActiveCfg = Release|Win32
		{9FE7B26E-3CCD-4CC4-8AA2-DBD5ECA1F039}.Release DreamDota|Win32.Build.0 = Release|Win32
		{9FE7B26E-3CCD-4CC4-8AA2-DBD5ECA1F039}.Release DreamWar3|Win32.ActiveCfg = Release|Win32
		{9FE7B26E-3CCD-4CC4-8AA2-DBD5ECA1F039}.Release DreamWar3|Win32.Build.0 = Release|Win32
		{9FE7B26E-3CCD-4CC4-8AA2-DBD5ECA1F039}.Release|Win32.ActiveCfg = Release|Win32
		{9FE7B26E-3CCD-4CC4-8AA2-DBD5ECA1F039}.Release|Win32.Build.0 = Release|Win32
		{9A5A4912-988C-4F17-8D7A-F25FF1A4D5E0}.Debug DreamDota|Win32.ActiveCfg = Debug|Win32
		{9A5A4912-988C-4F17-8D7A-F25FF1A4D5E0}.Debug DreamDota|Win32.Build.0 = Debug|Win32
		{9A5A4912-988C-4F17-8D7A-F25FF1A4D5E0}.Debug DreamWar3|Win32.ActiveCfg = Debug|Win32
		{9A5A4912-988C-4F17-8D7A-F25FF1A4D5E0}.Debug DreamWar3|Win32.Build.0 = Debug|Win32
		{9A5A4912-988C-4F17-8D7A-F25FF1A4D5E0}.Debug GLeague|Win32.ActiveCfg = Debug|Win32
		{9A5A4912-988C-4F17-8D7A-F25FF1A4D5E0}.Debug GLeague|Win32.Build.0 = Debug|Win32
		{9A5A4912-988C-4F17-8D7A-F25FF1A4D5E0}.Debug|Win32.ActiveCfg = Debug|Win32
		{9A5A4912-988C-4F17-8D7A-F25FF1A4D5E0}.Debug|Win32.Build.0 = Debug|Win32
		{9A5A4912-988C-4F17-8D7A-F25FF1A4D5E0}.DreamDota Beta|Win32.ActiveCfg = Beta|Win32
		{9A5A4912-988C-4F17-8D7A-F25FF1A4D5E0}.DreamDota Beta|Win32.Build.0 = Beta|Win32
		{9A5A4912-988C-4F17-8D7A-F25FF1A4D5E0}.DreamDota BetaD|Win32.ActiveCfg = Public Release|Win32
		{9A5A4912-988C-4F17-8D7A-F25FF1A4D5E0}.DreamDota BetaD|Win32.Build.0 = Public Release|Win32
		{9A5A4912-988C-4F17-8D7A-F25FF1A4D5E0}.Public Release DreamDota|Win32.ActiveCfg = Public Release|Win32
		{9A5A4912-988C-4F17-8D7A-F25FF1A4D5E0}.Public Release DreamDota|Win32.Build.0 = Public Release|Win32
		{9A5A4912-988C-4F17-8D7A-F25FF1A4D5E0}.Public Release FreePlugin|Win32.ActiveCfg = Public Release|Win32
		{9A5A4912-988C-4F17-8D7A-F25FF1A4D5E0}.Public Release FreePlugin|Win32.Build.0 = Public Release|Win32
		{9A5A4912-988C-4F17-8D7A-F25FF1A4D5E0}.Public Release GLeague|Win32.ActiveCfg = Public Release|Win32
		{9A5A4912-988C-4F17-8D7A-F25FF1A4D5E0}.Public Release GLeague|Win32.Build.0 = Public Release|Win32
		{9A5A4912-988C-4F17-8D7A-F25FF1A4D5E0}.Public Release|Win32.ActiveCfg = Public Release|Win32
		{9A5A4912-988C-4F17-8D7A-F25FF1A4D5E0}.Public Release|Win32.Build.0 = Public Release|Win32
		{9A5A4912-988C-4F17-8D7A-F25FF1A4D5E0}.Public ReleaseD DreamDota|Win32.ActiveCfg = Public ReleaseD DreamDota|Win32
		{9A5A4912-988C-4F17-8D7A-F25FF1A4D5E0}.Public ReleaseD DreamDota|Win32.Build.0 = Public ReleaseD DreamDota|Win32
		{9A5A4912-988C-4F17-8D7A-F25FF1A4D5E0}.Release DreamDota|Win32.ActiveCfg = Release|Win32
		{9A5A4912-988C-4F17-8D7A-F25FF1A4D5E0}.Release DreamDota|Win32.Build.0 = Release|Win32
		{9A5A4912-988C-4F17-8D7A-F25FF1A4D5E0}.Release DreamWar3|Win32.ActiveCfg = Release|Win32
		{9A5A4912-988C-4F17-8D7A-F25FF1A4D5E0}.Release DreamWar3|Win32.Build.0 = Release|Win32
		{9A5A4912-988C-4F17-8D7A-F25FF1A4D5E0}.Release|Win32.ActiveCfg = Release|Win32
		{9A5A4912-988C-4F17-8D7A-F25FF1A4D5E0}.Release|Win32.Build.0 = Release|Win32
		{71445AFF-680F-4705-9D03-4050E37BBC19}.Debug DreamDota|Win32.ActiveCfg = Debug|Win32
		{71445AFF-680F-4705-9D03-4050E37BBC19}.Debug DreamDota|Win32.Build.0 = Debug|Win32
		{71445AFF-680F-4705-9D03-4050E37BBC19}.Debug DreamWar3|Win32.ActiveCfg = Debug|Win32
		{71445AFF-680F-4705-9D03-4050E37BBC19}.Debug DreamWar3|Win32.Build.0 = Debug|Win32
		{71445AFF-680F-4705-9D03-4050E37BBC19}.Debug GLeague|Win32.ActiveCfg = Debug|Win32
		{71445AFF-680F-4705-9D03-4050E37BBC19}.Debug GLeague|Win32.Build.0 = Debug|Win32
		{71445AFF-680F-4705-9D03-4050E37BBC19}.Debug|Win32.ActiveCfg = Debug|Win32
		{71445AFF-680F-4705-9D03-4050E37BBC19}.Debug|Win32.Build.0 = Debug|Win32
		{71445AFF-680F-4705-9D03-4050E37BBC19}.DreamDota Beta|Win32.ActiveCfg = Release|Win32
		{71445AFF-680F-4705-9D03-4050E37BBC19}.DreamDota Beta|Win32.Build.0 = Release|Win32
		{71445AFF-680F-4705-9D03-4050E37BBC19}.DreamDota BetaD|Win32.ActiveCfg = Debug|Win32
		{71445AFF-680F-4705-9D03-4050E37BBC19}.DreamDota BetaD|Win32.Build.0 = Debug|Win32
		{71445AFF-680F-4705-9D03-4050E37BBC19}.Public Release DreamDota|Win32.ActiveCfg = Release|Win32
		{71445AFF-680F-4705-9D03-4050E37BBC19}.Public Release DreamDota|Win32.Build.0 = Release|Win32
		{71445AFF-680F-4705-9D03-4050E37BBC19}.Public Release FreePlugin|Win32.ActiveCfg = Release|Win32
		{71445AFF-680F-4705-9D03-4050E37BBC19}.Public Release FreePlugin|Win32.Build.0 = Release|Win32
		{71445AFF-680F-4705-9D03-4050E37BBC19}.Public Release GLeague|Win32.ActiveCfg = Release|Win32
		{71445AFF-680F-4705-9D03-4050E37BBC19}.Public Release GLeague|Win32.Build.0 = Release|Win32
		{71445AFF-680F-4705-9D03-4050E37BBC19}.Public Release|Win32.ActiveCfg = Release|Win32
		{71445AFF-680F-4705-9D03-4050E37BBC19}.Public Release|Win32.Build.0 = Release|Win32
		{71445AFF-680F-4705-9D03-4050E37BBC19}.Public ReleaseD DreamDota|Win32.ActiveCfg = Release|Win32
		{71445AFF-680F-4705-9D03-4050E37BBC19}.Public ReleaseD DreamDota|Win32.Build.0 = Release|Win32
		{71445AFF-680F-4705-9D03-4050E37BBC19}.Release DreamDota|Win32.ActiveCfg = Release|Win32
		{71445AFF-680F-4705-9D03-4050E37BBC19}.Release DreamDota|Win32.Build.0 = Release|Win32
		{71445AFF-680F-4705-9D03-4050E37BBC19}.Release DreamWar3|Win32.ActiveCfg = Release|Win32
		{71445AFF-680F-4705-9D03-4050E37BBC19}.Release DreamWar3|Win32.Build.0 = Release|Win32
		{71445AFF-680F-4705-9D03-4050E37BBC19}.Release|Win32.ActiveCfg = Release|Win32
		{71445AFF-680F-4705-9D03-4050E37BBC19}.Release|Win32.Build.0 = Release|Win32
		{84FFE40B-94C1-4438-8805-1E42BF80B5D5}.Debug DreamDota|Win32.ActiveCfg = Debug|Win32
		{84FFE40B-94C1-4438-8805-1E42BF80B5D5}.Debug DreamDota|Win32.Build.0 = Debug|Win32
		{84FFE40B-94C1-4438-8805-1E42BF80B5D5}.Debug DreamWar3|Win32.ActiveCfg = Debug|Win32
		{84FFE40B-94C1-4438-8805-1E42BF80B5D5}.Debug DreamWar3|Win32.Build.0 = Debug|Win32
		{84FFE40B-94C1-4438-8805-1E42BF80B5D5}.Debug GLeague|Win32.ActiveCfg = Debug|Win32
		{84FFE40B-94C1-4438-8805-1E42BF80B5D5}.Debug GLeague|Win32.Build.0 = Debug|Win32
		{84FFE40B-94C1-4438-8805-1E42BF80B5D5}.Debug|Win32.ActiveCfg = Debug|Win32
		{84FFE40B-94C1-4438-8805-1E42BF80B5D5}.Debug|Win32.Build.0 = Debug|Win32
		{84FFE40B-94C1-4438-8805-1E42BF80B5D5}.DreamDota Beta|Win32.ActiveCfg = Release|Win32
		{84FFE40B-94C1-4438-8805-1E42BF80B5D5}.DreamDota Beta|Win32.Build.0 = Release|Win32
		{84FFE40B-94C1-4438-8805-1E42BF80B5D5}.DreamDota BetaD|Win32.ActiveCfg = Debug|Win32
		{84FFE40B-94C1-4438-8805-1E42BF80B5D5}.DreamDota BetaD|Win32.Build.0 = Debug|Win32
		{84FFE40B-94C1-4438-8805-1E42BF80B5D5}.Public Release DreamDota|Win32.ActiveCfg = Release|Win32
		{84FFE40B-94C1-4438-8805-1E42BF80B5D5}.Public Release DreamDota|Win32.Build.0 = Release|Win32
		{84FFE40B-94C1-4438-8805-1E42BF80B5D5}.Public Release FreePlugin|Win32.ActiveCfg = Release|Win32
		{84FFE40B-94C1-4438-8805-1E42BF80B5D5}.Public Release FreePlugin|Win32.Build.0 = Release|Win32
		{84FFE40B-94C1-4438-8805-1E42BF80B5D5}.Public Release GLeague|Win32.ActiveCfg = Release|Win32
		{84FFE40B-94C1-4438-8805-1E42BF80B5D5}.Public Release GLeague|Win32.Build.0 = Release|Win32
		{84FFE40B-94C1-4438-8805-1E42BF80B5D5}.Public Release|Win32.ActiveCfg = Release|Win32
		{84FFE40B-94C1-4438-8805-1E42BF80B5D5}.Public Release|Win32.Build.0 = Release|Win32
		{84FFE40B-94C1-4438-8805-1E42BF80B5D5}.Public ReleaseD DreamDota|Win32.ActiveCfg = Release|Win32
		{84FFE40B-94C1-4438-8805-1E42BF80B5D5}.Public ReleaseD DreamDota|Win32.Build.0 = Release|Win32
		{84FFE40B-94C1-4438-8805-1E42BF80B5D5}.Release DreamDota|Win32.ActiveCfg = Release|Win32
		{84FFE40B-94C1-4438-8805-1E42BF80B5D5}.Release DreamDota|Win32.Build.0 = Release|Win32
		{84FFE40B-94C1-4438-8805-1E42BF80B5D5}.Release DreamWar3|Win32.ActiveCfg = Release|Win32
		{84FFE40B-94C1-4438-8805-1E42BF80B5D5}.Release DreamWar3|Win32.Build.0 = Release|Win32
		{84FFE40B-94C1-4438-8805-1E42BF80B5D5}.Release|Win32.ActiveCfg = Release|Win32
		{84FFE40B-94C1-4438-8805-1E42BF80B5D5}.Release|Win32.Build.0 = Release|Win32
		{97888CE2-C2FE-476A-A4E2-C2AC3567A551}.Debug DreamDota|Win32.ActiveCfg = Debug|Win32
		{97888CE2-C2FE-476A-A4E2-C2AC3567A551}.Debug DreamDota|Win32.Build.0 = Debug|Win32
		{97888CE2-C2FE-476A-A4E2-C2AC3567A551}.Debug DreamWar3|Win32.ActiveCfg = Debug|Win32
		{97888CE2-C2FE-476A-A4E2-C2AC3567A551}.Debug DreamWar3|Win32.Build.0 = Debug|Win32
		{97888CE2-C2FE-476A-A4E2-C2AC3567A551}.Debug GLeague|Win32.ActiveCfg = Debug|Win32
		{97888CE2-C2FE-476A-A4E2-C2AC3567A551}.Debug GLeague|Win32.Build.0 = Debug|Win32
		{97888CE2-C2FE-476A-A4E2-C2AC3567A551}.Debug|Win32.ActiveCfg = Debug|Win32
		{97888CE2-C2FE-476A-A4E2-C2AC3567A551}.Debug|Win32.Build.0 = Debug|Win32
		{97888CE2-C2FE-476A-A4E2-C2AC3567A551}.DreamDota Beta|Win32.ActiveCfg = Debug|Win32
		{97888CE2-C2FE-476A-A4E2-C2AC3567A551}.DreamDota Beta|Win32.Build.0 = Debug|Win32
		{97888CE2-C2FE-476A-A4E2-C2AC3567A551}.DreamDota BetaD|Win32.ActiveCfg = Debug|Win32
		{97888CE2-C2FE-476A-A4E2-C2AC3567A551}.DreamDota BetaD|Win32.Build.0 = Debug|Win32
		{97888CE2-C2FE-476A-A4E2-C2AC3567A551}.Public Release DreamDota|Win32.ActiveCfg = Release|Win32
		{97888CE2-C2FE-476A-A4E2-C2AC3567A551}.Public Release DreamDota|Win32.Build.0 = Release|Win32
		{97888CE2-C2FE-476A-A4E2-C2AC3567A551}.Public Release FreePlugin|Win32.ActiveCfg = Release|Win32
		{97888CE2-C2FE-476A-A4E2-C2AC3567A551}.Public Release FreePlugin|Win32.Build.0 = Release|Win32
		{97888CE2-C2FE-476A-A4E2-C2AC3567A551}.Public Release GLeague|Win32.ActiveCfg = Release|Win32
		{97888CE2-C2FE-476A-A4E2-C2AC3567A551}.Public Release GLeague|Win32.Build.0 = Release|Win32
		{97888CE2-C2FE-476A-A4E2-C2AC3567A551}.Public Release|Win32.ActiveCfg = Release|Win32
		{97888CE2-C2FE-476A-A4E2-C2AC3567A551}.Public Release|Win32.Build.0 = Release|Win32
		{97888CE2-C2FE-476A-A4E2-C2AC3567A551}.Public ReleaseD DreamDota|Win32.ActiveCfg = Release|Win32
		{97888CE2-C2FE-476A-A4E2-C2AC3567A551}.Public ReleaseD DreamDota|Win32.Build.0 = Release|Win32
		{97888CE2-C2FE-476A-A4E2-C2AC3567A551}.Release DreamDota|Win32.ActiveCfg = Release|Win32
		{97888CE2-C2FE-476A-A4E2-C2AC3567A551}.Release DreamDota|Win32.Build.0 = Release|Win32
		{97888CE2-C2FE-476A-A4E2-C2AC3567A551}.Release DreamWar3|Win32.ActiveCfg = Release|Win32
		{97888CE2-C2FE-476A-A4E2-C2AC3567A551}.Release DreamWar3|Win32.Build.0 = Release|Win32
		{97888CE2-C2FE-476A-A4E2-C2AC3567A551}.Release|Win32.ActiveCfg = Release|Win32
		{97888CE2-C2FE-476A-A4E2-C2AC3567A551}.Release|Win32.Build.0 = Release|Win32
		{CA0485CE-70F7-41E5-AE7A-3EE319592E54}.Debug DreamDota|Win32.ActiveCfg = Debug|Win32
		{CA0485CE-70F7-41E5-AE7A-3EE319592E54}.Debug DreamDota|Win32.Build.0 = Debug|Win32
		{CA0485CE-70F7-41E5-AE7A-3EE319592E54}.Debug DreamWar3|Win32.ActiveCfg = Debug|Win32
		{CA0485CE-70F7-41E5-AE7A-3EE319592E54}.Debug DreamWar3|Win32.Build.0 = Debug|Win32
		{CA0485CE-70F7-41E5-AE7A-3EE319592E54}.Debug GLeague|Win32.ActiveCfg = Debug|Win32
		{CA0485CE-70F7-41E5-AE7A-3EE319592E54}.Debug GLeague|Win32.Build.0 = Debug|Win32
		{CA0485CE-70F7-41E5-AE7A-3EE319592E54}.Debug|Win32.ActiveCfg = Debug|Win32
		{CA0485CE-70F7-41E5-AE7A-3EE319592E54}.Debug|Win32.Build.0 = Debug|Win32
		{CA0485CE-70F7-41E5-AE7A-3EE319592E54}.DreamDota Beta|Win32.ActiveCfg = Debug|Win32
		{CA0485CE-70F7-41E5-AE7A-3EE319592E54}.DreamDota Beta|Win32.Build.0 = Debug|Win32
		{CA0485CE-70F7-41E5-AE7A-3EE319592E54}.DreamDota BetaD|Win32.ActiveCfg = Debug|Win32
		{CA0485CE-70F7-41E5-AE7A-3EE319592E54}.DreamDota BetaD|Win32.Build.0 = Debug|Win32
		{CA0485CE-70F7-41E5-AE7A-3EE319592E54}.Public Release DreamDota|Win32.ActiveCfg = Release|Win32
		{CA0485CE-70F7-41E5-AE7A-3EE319592E54}.Public Release DreamDota|Win32.Build.0 = Release|Win32
		{CA0485CE-70F7-41E5-AE7A-3EE319592E54}.Public Release FreePlugin|Win32.ActiveCfg = Release|Win32
		{CA0485CE-70F7-41E5-AE7A-3EE319592E54}.Public Release FreePlugin|Win32.Build.0 = Release|Win32
		{CA0485CE-70F7-41E5-AE7A-3EE319592E54}.Public Release GLeague|Win32.ActiveCfg = Release|Win32
		{CA0485CE-70F7-41E5-AE7A-3EE319592E54}.Public Release GLeague|Win32.Build.0 = Release|Win32
		{CA0485CE-70F7-41E5-AE7A-3EE319592E54}.Public Release|Win32.ActiveCfg = Release|Win32
		{CA0485CE-70F7-41E5-AE7A-3EE319592E54}.Public Release|Win32.Build.0 = Release|Win32
		{CA0485CE-70F7-41E5-AE7A-3EE319592E54}.Public ReleaseD DreamDota|Win32.ActiveCfg = Release|Win32
		{CA0485CE-70F7-41E5-AE7A-3EE319592E54}.Public ReleaseD DreamDota|Win32.Build.0 = Release|Win32
		{CA0485CE-70F7-41E5-AE7A-3EE319592E54}.Release DreamDota|Win32.ActiveCfg = Release|Win32
		{CA0485CE-70F7-41E5-AE7A-3EE319592E54}.Release DreamDota|Win32.Build.0 = Release|Win32
		{CA0485CE-70F7-41E5-AE7A-3EE319592E54}.Release DreamWar3|Win32.ActiveCfg = Release|Win32
		{CA0485CE-70F7-41E5-AE7A-3EE319592E54}.Release DreamWar3|Win32.Build.0 = Release|Win32
		{CA0485CE-70F7-41E5-AE7A-3EE319592E54}.Release|Win32.ActiveCfg = Release|Win32
		{CA0485CE-70F7-41E5-AE7A-3EE319592E54}.Release|Win32.Build.0 = Release|Win32
		{611C4024-4931-4ABA-A98C-26BBA2C904B8}.Debug DreamDota|Win32.ActiveCfg = Debug|Win32
		{611C4024-4931-4ABA-A98C-26BBA2C904B8}.Debug DreamDota|Win32.Build.0 = Debug|Win32
		{611C4024-4931-4ABA-A98C-26BBA2C904B8}.Debug DreamWar3|Win32.ActiveCfg = Debug|Win32
		{611C4024-4931-4ABA-A98C-26BBA2C904B8}.Debug DreamWar3|Win32.Build.0 = Debug|Win32
		{611C4024-4931-4ABA-A98C-26BBA2C904B8}.Debug GLeague|Win32.ActiveCfg = Debug|Win32
		{611C4024-4931-4ABA-A98C-26BBA2C904B8}.Debug GLeague|Win32.Build.0 = Debug|Win32
		{611C4024-4931-4ABA-A98C-26BBA2C904B8}.Debug|Win32.ActiveCfg = Debug|Win32
		{611C4024-4931-4ABA-A98C-26BBA2C904B8}.Debug|Win32.Build.0 = Debug|Win32
		{611C4024-4931-4ABA-A98C-26BBA2C904B8}.DreamDota Beta|Win32.ActiveCfg = Debug|Win32
		{611C4024-4931-4ABA-A98C-26BBA2C904B8}.DreamDota Beta|Win32.Build.0 = Debug|Win32
		{611C4024-4931-4ABA-A98C-26BBA2C904B8}.DreamDota BetaD|Win32.ActiveCfg = Debug|Win32
		{611C4024-4931-4ABA-A98C-26BBA2C904B8}.DreamDota BetaD|Win32.Build.0 = Debug|Win32
		{611C4024-4931-4ABA-A98C-26BBA2C904B8}.Public Release DreamDota|Win32.ActiveCfg = Release|Win32
		{611C4024-4931-4ABA-A98C-26BBA2C904B8}.Public Release DreamDota|Win32.Build.0 = Release|Win32
		{611C4024-4931-4ABA-A98C-26BBA2C904B8}.Public Release FreePlugin|Win32.ActiveCfg = Release|Win32
		{611C4024-4931-4ABA-A98C-26BBA2C904B8}.Public Release FreePlugin|Win32.Build.0 = Release|Win32
		{611C4024-4931-4ABA-A98C-26BBA2C904B8}.Public Release GLeague|Win32.ActiveCfg = Release|Win32
		{611C4024-4931-4ABA-A98C-26BBA2C904B8}.Public Release GLeague|Win32.Build.0 = Release|Win32
		{611C4024-4931-4ABA-A98C-26BBA2C904B8}.Public Release|Win32.ActiveCfg = Release|Win32
		{611C4024-4931-4ABA-A98C-26BBA2C904B8}.Public Release|Win32.Build.0 = Release|Win32
		{611C4024-4931-4ABA-A98C-26BBA2C904B8}.Public ReleaseD DreamDota|Win32.ActiveCfg = Release|Win32
		{611C4024-4931-4ABA-A98C-26BBA2C904B8}.Public ReleaseD DreamDota|Win32.Build.0 = Release|Win32
		{611C4024-4931-4ABA-A98C-26BBA2C904B8}.Release DreamDota|Win32.ActiveCfg = Release|Win32
		{611C4024-4931-4ABA-A98C-26BBA2C904B8}.Release DreamDota|Win32.Build.0 = Release|Win32
		{611C4024-4931-4ABA-A98C-26BBA2C904B8}.Release DreamWar3|Win32.ActiveCfg = Release|Win32
		{611C4024-4931-4ABA-A98C-26BBA2C904B8}.Release DreamWar3|Win32.Build.0 = Release|Win32
		{611C4024-4931-4ABA-A98C-26BBA2C904B8}.Release|Win32.ActiveCfg = Release|Win32
		{611C4024-4931-4ABA-A98C-26BBA2C904B8}.Release|Win32.Build.0 = Release|Win32
		{DC835DEC-FAEE-42D4-85E2-0D200EBBFC71}.Debug DreamDota|Win32.ActiveCfg = Debug|Win32
		{DC835DEC-FAEE-42D4-85E2-0D200EBBFC71}.Debug DreamDota|Win32.Build.0 = Debug|Win32
		{DC835DEC-FAEE-42D4-85E2-0D200EBBFC71}.Debug DreamWar3|Win32.ActiveCfg = Debug|Win32
		{DC835DEC-FAEE-42D4-85E2-0D200EBBFC71}.Debug DreamWar3|Win32.Build.0 = Debug|Win32
		{DC835DEC-FAEE-42D4-85E2-0D200EBBFC71}.Debug GLeague|Win32.ActiveCfg = Debug|Win32
		{DC835DEC-FAEE-42D4-85E2-0D200EBBFC71}.Debug GLeague|Win32.Build.0 = Debug|Win32
		{DC835DEC-FAEE-42D4-85E2-0D200EBBFC71}.Debug|Win32.ActiveCfg = Debug|Win32
		{DC835DEC-FAEE-42D4-85E2-0D200EBBFC71}.Debug|Win32.Build.0 = Debug|Win32
		{DC835DEC-FAEE-42D4-85E2-0D200EBBFC71}.DreamDota Beta|Win32.ActiveCfg = Debug|Win32
		{DC835DEC-FAEE-42D4-85E2-0D200EBBFC71}.DreamDota Beta|Win32.Build.0 = Debug|Win32
		{DC835DEC-FAEE-42D4-85E2-0D200EBBFC71}.DreamDota BetaD|Win32.ActiveCfg = Debug|Win32
		{DC835DEC-FAEE-42D4-85E2-0D200EBBFC71}.DreamDota BetaD|Win32.Build.0 = Debug|Win32
		{DC835DEC-FAEE-42D4-85E2-0D200EBBFC71}.Public Release DreamDota|Win32.ActiveCfg = Release|Win32
		{DC835DEC-FAEE-42D4-85E2-0D200EBBFC71}.Public Release DreamDota|Win32.Build.0 = Release|Win32
		{DC835DEC-FAEE-42D4-85E2-0D200EBBFC71}.Public Release FreePlugin|Win32.ActiveCfg = Release|Win32
		{DC835DEC-FAEE-42D4-85E2-0D200EBBFC71}.Public Release FreePlugin|Win32.Build.0 = Release|Win32
		{DC835DEC-FAEE-42D4-85E2-0D200EBBFC71}.Public Release GLeague|Win32.ActiveCfg = Release|Win32
		{DC835DEC-FAEE-42D4-85E2-0D200EBBFC71}.Public Release GLeague|Win32.Build.0 = Release|Win32
		{DC835DEC-FAEE-42D4-85E2-0D200EBBFC71}.Public Release|Win32.ActiveCfg = Release|Win32
		{DC835DEC-FAEE-42D4-85E2-0D200EBBFC71}.Public Release|Win32.Build.0 = Release|Win32
		{DC835DEC-FAEE-42D4-85E2-0D200EBBFC71}.Public ReleaseD DreamDota|Win32.ActiveCfg = Release|Win32
		{DC835DEC-FAEE-42D4-85E2-0D200EBBFC71}.Public ReleaseD DreamDota|Win32.Build.0 = Release|Win32
		{DC835DEC-FAEE-42D4-85E2-0D200EBBFC71}.Release DreamDota|Win32.ActiveCfg = Release|Win32
		{DC835DEC-FAEE-42D4-85E2-0D200EBBFC71}.Release DreamDota|Win32.Build.0 = Release|Win32
		{DC835DEC-FAEE-42D4-85E2-0D200EBBFC71}.Release DreamWar3|Win32.ActiveCfg = Release|Win32
		{DC835DEC-FAEE-42D4-85E2-0D200EBBFC71}.Release DreamWar3|Win32.Build.0 = Release|Win32
		{DC835DEC-FAEE-42D4-85E2-0D200EBBFC71}.Release|Win32.ActiveCfg = Release|Win32
		{DC835DEC-FAEE-42D4-85E2-0D200EBBFC71}.Release|Win32.Build.0 = Release|Win32
	EndGlobalSection
	GlobalSection(SolutionProperties) = preSolution
		HideSolutionNode = FALSE
	EndGlobalSection
EndGlobal
